<?xml version="1.0" encoding="utf-8"?>
<Project ToolsVersion="4.0" xmlns="http://schemas.microsoft.com/developer/msbuild/2003">
  <ItemGroup>
    <Filter Include="Source Files">
      <UniqueIdentifier>{4FC737F1-C7A5-4376-A066-2A32D752A2FF}</UniqueIdentifier>
      <Extensions>cpp;c;cc;cxx;def;odl;idl;hpj;bat;asm;asmx</Extensions>
    </Filter>
    <Filter Include="Header Files">
      <UniqueIdentifier>{93995380-89BD-4b04-88EB-625FBE52EBFB}</UniqueIdentifier>
      <Extensions>h;hpp;hxx;hm;inl;inc;xsd</Extensions>
    </Filter>
    <Filter Include="Resource Files">
      <UniqueIdentifier>{67DA6AB6-F800-4c08-8B7A-83BB121AAD01}</UniqueIdentifier>
      <Extensions>rc;ico;cur;bmp;dlg;rc2;rct;bin;rgs;gif;jpg;jpeg;jpe;resx;tiff;tif;png;wav;mfcribbon-ms</Extensions>
    </Filter>
  </ItemGroup>
  <ItemGroup>
    <None Include="ReadMe.txt" />
    <None Include="res\OpenCVInterface.rc2">
      <Filter>Resource Files</Filter>
    </None>
    <None Include="res\OpenCVInterface.ico">
      <Filter>Resource Files</Filter>
    </None>
  </ItemGroup>
  <ItemGroup>
    <ClInclude Include="OpenCVInterface.h">
      <Filter>Header Files</Filter>
    </ClInclude>
    <ClInclude Include="OpenCVInterfaceDlg.h">
      <Filter>Header Files</Filter>
    </ClInclude>
    <ClInclude Include="stdafx.h">
      <Filter>Header Files</Filter>
    </ClInclude>
    <ClInclude Include="targetver.h">
      <Filter>Header Files</Filter>
    </ClInclude>
    <ClInclude Include="Resource.h">
      <Filter>Header Files</Filter>
    </ClInclude>
    <ClInclude Include="ResultDlg.h">
      <Filter>Header Files</Filter>
    </ClInclude>
    <ClInclude Include="Tools.h">
      <Filter>Header Files</Filter>
    </ClInclude>
    <ClInclude Include="GammaValue.h">
      <Filter>Header Files</Filter>
    </ClInclude>
    <ClInclude Include="MagnifierDlg.h">
      <Filter>Header Files</Filter>
    </ClInclude>
    <ClInclude Include="Bin1Val.h">
      <Filter>Header Files</Filter>
    </ClInclude>
    <ClInclude Include="Bin2Val.h">
      <Filter>Header Files</Filter>
    </ClInclude>
    <ClInclude Include="LumVal.h">
      <Filter>Header Files</Filter>
    </ClInclude>
    <ClInclude Include="Histogram.h">
      <Filter>Header Files</Filter>
    </ClInclude>
    <ClInclude Include="GrayRow.h">
      <Filter>Header Files</Filter>
    </ClInclude>
    <ClInclude Include="GrayColumn.h">
      <Filter>Header Files</Filter>
    </ClInclude>
    <ClInclude Include="Filters.h">
      <Filter>Header Files</Filter>
    </ClInclude>
    <ClInclude Include="ContrastPolinomial.h">
      <Filter>Header Files</Filter>
    </ClInclude>
    <ClInclude Include="FiltruMedianCristi.h">
      <Filter>Header Files</Filter>
    </ClInclude>
    <ClInclude Include="MedianFilter.h">
      <Filter>Header Files</Filter>
    </ClInclude>
    <ClInclude Include="Sigma.h">
      <Filter>Header Files</Filter>
    </ClInclude>
    <ClInclude Include="CannyOperator.h">
      <Filter>Header Files</Filter>
    </ClInclude>
  </ItemGroup>
  <ItemGroup>
    <ClCompile Include="OpenCVInterface.cpp">
      <Filter>Source Files</Filter>
    </ClCompile>
    <ClCompile Include="OpenCVInterfaceDlg.cpp">
      <Filter>Source Files</Filter>
    </ClCompile>
    <ClCompile Include="stdafx.cpp">
      <Filter>Source Files</Filter>
    </ClCompile>
    <ClCompile Include="ResultDlg.cpp">
      <Filter>Source Files</Filter>
    </ClCompile>
    <ClCompile Include="Tools.cpp">
      <Filter>Source Files</Filter>
    </ClCompile>
    <ClCompile Include="GammaValue.cpp">
      <Filter>Source Files</Filter>
    </ClCompile>
    <ClCompile Include="MagnifierDlg.cpp">
      <Filter>Source Files</Filter>
    </ClCompile>
    <ClCompile Include="Bin1Val.cpp">
      <Filter>Source Files</Filter>
    </ClCompile>
    <ClCompile Include="Bin2Val.cpp">
      <Filter>Source Files</Filter>
    </ClCompile>
    <ClCompile Include="LumVal.cpp">
      <Filter>Source Files</Filter>
    </ClCompile>
    <ClCompile Include="Histogram.cpp">
      <Filter>Source Files</Filter>
    </ClCompile>
    <ClCompile Include="GrayRow.cpp">
      <Filter>Source Files</Filter>
    </ClCompile>
    <ClCompile Include="GrayColumn.cpp">
      <Filter>Source Files</Filter>
    </ClCompile>
    <ClCompile Include="Filters.cpp">
      <Filter>Source Files</Filter>
    </ClCompile>
    <ClCompile Include="ContrastPolinomial.cpp">
      <Filter>Source Files</Filter>
    </ClCompile>
    <ClCompile Include="FiltruMedianCristi.cpp">
      <Filter>Source Files</Filter>
    </ClCompile>
    <ClCompile Include="MedianFilter.cpp">
      <Filter>Source Files</Filter>
    </ClCompile>
    <ClCompile Include="Sigma.cpp">
      <Filter>Source Files</Filter>
    </ClCompile>
    <ClCompile Include="CannyOperator.cpp">
      <Filter>Source Files</Filter>
    </ClCompile>
  </ItemGroup>
  <ItemGroup>
    <ResourceCompile Include="OpenCVInterface.rc">
      <Filter>Resource Files</Filter>
    </ResourceCompile>
  </ItemGroup>
</Project>